// !$*UTF8*$!
{
	archiveVersion = 1;
	classes = {
	};
	objectVersion = 55;
	objects = {

/* Begin PBXBuildFile section */
		41B9EE3C284222D900EE26B8 /* Tests_iOS.swift in Sources */ = {isa = PBXBuildFile; fileRef = 41B9EE3B284222D900EE26B8 /* Tests_iOS.swift */; };
		41B9EE3E284222D900EE26B8 /* Tests_iOSLaunchTests.swift in Sources */ = {isa = PBXBuildFile; fileRef = 41B9EE3D284222D900EE26B8 /* Tests_iOSLaunchTests.swift */; };
		41B9EE48284222D900EE26B8 /* Tests_macOS.swift in Sources */ = {isa = PBXBuildFile; fileRef = 41B9EE47284222D900EE26B8 /* Tests_macOS.swift */; };
		41B9EE4A284222D900EE26B8 /* Tests_macOSLaunchTests.swift in Sources */ = {isa = PBXBuildFile; fileRef = 41B9EE49284222D900EE26B8 /* Tests_macOSLaunchTests.swift */; };
		41B9EE4B284222D900EE26B8 /* Multiplication_TableApp.swift in Sources */ = {isa = PBXBuildFile; fileRef = 41B9EE23284222D700EE26B8 /* Multiplication_TableApp.swift */; };
		41B9EE4C284222D900EE26B8 /* Multiplication_TableApp.swift in Sources */ = {isa = PBXBuildFile; fileRef = 41B9EE23284222D700EE26B8 /* Multiplication_TableApp.swift */; };
		41B9EE4D284222D900EE26B8 /* ContentView.swift in Sources */ = {isa = PBXBuildFile; fileRef = 41B9EE24284222D700EE26B8 /* ContentView.swift */; };
		41B9EE4E284222D900EE26B8 /* ContentView.swift in Sources */ = {isa = PBXBuildFile; fileRef = 41B9EE24284222D700EE26B8 /* ContentView.swift */; };
		41B9EE4F284222D900EE26B8 /* Assets.xcassets in Resources */ = {isa = PBXBuildFile; fileRef = 41B9EE25284222D900EE26B8 /* Assets.xcassets */; };
		41B9EE50284222D900EE26B8 /* Assets.xcassets in Resources */ = {isa = PBXBuildFile; fileRef = 41B9EE25284222D900EE26B8 /* Assets.xcassets */; };
/* End PBXBuildFile section */

/* Begin PBXContainerItemProxy section */
		41B9EE38284222D900EE26B8 /* PBXContainerItemProxy */ = {
			isa = PBXContainerItemProxy;
			containerPortal = 41B9EE1E284222D600EE26B8 /* Project object */;
			proxyType = 1;
			remoteGlobalIDString = 41B9EE29284222D900EE26B8;
			remoteInfo = "Multiplication Table (iOS)";
		};
		41B9EE44284222D900EE26B8 /* PBXContainerItemProxy */ = {
			isa = PBXContainerItemProxy;
			containerPortal = 41B9EE1E284222D600EE26B8 /* Project object */;
			proxyType = 1;
			remoteGlobalIDString = 41B9EE2F284222D900EE26B8;
			remoteInfo = "Multiplication Table (macOS)";
		};
/* End PBXContainerItemProxy section */

/* Begin PBXFileReference section */
		41B9EE23284222D700EE26B8 /* Multiplication_TableApp.swift */ = {isa = PBXFileReference; lastKnownFileType = sourcecode.swift; path = Multiplication_TableApp.swift; sourceTree = "<group>"; };
		41B9EE24284222D700EE26B8 /* ContentView.swift */ = {isa = PBXFileReference; lastKnownFileType = sourcecode.swift; path = ContentView.swift; sourceTree = "<group>"; };
		41B9EE25284222D900EE26B8 /* Assets.xcassets */ = {isa = PBXFileReference; lastKnownFileType = folder.assetcatalog; path = Assets.xcassets; sourceTree = "<group>"; };
		41B9EE2A284222D900EE26B8 /* Multiplication Table.app */ = {isa = PBXFileReference; explicitFileType = wrapper.application; includeInIndex = 0; path = "Multiplication Table.app"; sourceTree = BUILT_PRODUCTS_DIR; };
		41B9EE30284222D900EE26B8 /* Multiplication Table.app */ = {isa = PBXFileReference; explicitFileType = wrapper.application; includeInIndex = 0; path = "Multiplication Table.app"; sourceTree = BUILT_PRODUCTS_DIR; };
		41B9EE32284222D900EE26B8 /* macOS.entitlements */ = {isa = PBXFileReference; lastKnownFileType = text.plist.entitlements; path = macOS.entitlements; sourceTree = "<group>"; };
		41B9EE37284222D900EE26B8 /* Tests iOS.xctest */ = {isa = PBXFileReference; explicitFileType = wrapper.cfbundle; includeInIndex = 0; path = "Tests iOS.xctest"; sourceTree = BUILT_PRODUCTS_DIR; };
		41B9EE3B284222D900EE26B8 /* Tests_iOS.swift */ = {isa = PBXFileReference; lastKnownFileType = sourcecode.swift; path = Tests_iOS.swift; sourceTree = "<group>"; };
		41B9EE3D284222D900EE26B8 /* Tests_iOSLaunchTests.swift */ = {isa = PBXFileReference; lastKnownFileType = sourcecode.swift; path = Tests_iOSLaunchTests.swift; sourceTree = "<group>"; };
		41B9EE43284222D900EE26B8 /* Tests macOS.xctest */ = {isa = PBXFileReference; explicitFileType = wrapper.cfbundle; includeInIndex = 0; path = "Tests macOS.xctest"; sourceTree = BUILT_PRODUCTS_DIR; };
		41B9EE47284222D900EE26B8 /* Tests_macOS.swift */ = {isa = PBXFileReference; lastKnownFileType = sourcecode.swift; path = Tests_macOS.swift; sourceTree = "<group>"; };
		41B9EE49284222D900EE26B8 /* Tests_macOSLaunchTests.swift */ = {isa = PBXFileReference; lastKnownFileType = sourcecode.swift; path = Tests_macOSLaunchTests.swift; sourceTree = "<group>"; };
/* End PBXFileReference section */

/* Begin PBXFrameworksBuildPhase section */
		41B9EE27284222D900EE26B8 /* Frameworks */ = {
			isa = PBXFrameworksBuildPhase;
			buildActionMask = 2147483647;
			files = (
			);
			runOnlyForDeploymentPostprocessing = 0;
		};
		41B9EE2D284222D900EE26B8 /* Frameworks */ = {
			isa = PBXFrameworksBuildPhase;
			buildActionMask = 2147483647;
			files = (
			);
			runOnlyForDeploymentPostprocessing = 0;
		};
		41B9EE34284222D900EE26B8 /* Frameworks */ = {
			isa = PBXFrameworksBuildPhase;
			buildActionMask = 2147483647;
			files = (
			);
			runOnlyForDeploymentPostprocessing = 0;
		};
		41B9EE40284222D900EE26B8 /* Frameworks */ = {
			isa = PBXFrameworksBuildPhase;
			buildActionMask = 2147483647;
			files = (
			);
			runOnlyForDeploymentPostprocessing = 0;
		};
/* End PBXFrameworksBuildPhase section */

/* Begin PBXGroup section */
		41B9EE1D284222D600EE26B8 = {
			isa = PBXGroup;
			children = (
				41B9EE22284222D700EE26B8 /* Shared */,
				41B9EE31284222D900EE26B8 /* macOS */,
				41B9EE3A284222D900EE26B8 /* Tests iOS */,
				41B9EE46284222D900EE26B8 /* Tests macOS */,
				41B9EE2B284222D900EE26B8 /* Products */,
			);
			sourceTree = "<group>";
		};
		41B9EE22284222D700EE26B8 /* Shared */ = {
			isa = PBXGroup;
			children = (
				41B9EE23284222D700EE26B8 /* Multiplication_TableApp.swift */,
				41B9EE24284222D700EE26B8 /* ContentView.swift */,
				41B9EE25284222D900EE26B8 /* Assets.xcassets */,
			);
			path = Shared;
			sourceTree = "<group>";
		};
		41B9EE2B284222D900EE26B8 /* Products */ = {
			isa = PBXGroup;
			children = (
				41B9EE2A284222D900EE26B8 /* Multiplication Table.app */,
				41B9EE30284222D900EE26B8 /* Multiplication Table.app */,
				41B9EE37284222D900EE26B8 /* Tests iOS.xctest */,
				41B9EE43284222D900EE26B8 /* Tests macOS.xctest */,
			);
			name = Products;
			sourceTree = "<group>";
		};
		41B9EE31284222D900EE26B8 /* macOS */ = {
			isa = PBXGroup;
			children = (
				41B9EE32284222D900EE26B8 /* macOS.entitlements */,
			);
			path = macOS;
			sourceTree = "<group>";
		};
		41B9EE3A284222D900EE26B8 /* Tests iOS */ = {
			isa = PBXGroup;
			children = (
				41B9EE3B284222D900EE26B8 /* Tests_iOS.swift */,
				41B9EE3D284222D900EE26B8 /* Tests_iOSLaunchTests.swift */,
			);
			path = "Tests iOS";
			sourceTree = "<group>";
		};
		41B9EE46284222D900EE26B8 /* Tests macOS */ = {
			isa = PBXGroup;
			children = (
				41B9EE47284222D900EE26B8 /* Tests_macOS.swift */,
				41B9EE49284222D900EE26B8 /* Tests_macOSLaunchTests.swift */,
			);
			path = "Tests macOS";
			sourceTree = "<group>";
		};
/* End PBXGroup section */

/* Begin PBXNativeTarget section */
		41B9EE29284222D900EE26B8 /* Multiplication Table (iOS) */ = {
			isa = PBXNativeTarget;
			buildConfigurationList = 41B9EE53284222D900EE26B8 /* Build configuration list for PBXNativeTarget "Multiplication Table (iOS)" */;
			buildPhases = (
				41B9EE26284222D900EE26B8 /* Sources */,
				41B9EE27284222D900EE26B8 /* Frameworks */,
				41B9EE28284222D900EE26B8 /* Resources */,
			);
			buildRules = (
			);
			dependencies = (
			);
			name = "Multiplication Table (iOS)";
			productName = "Multiplication Table (iOS)";
			productReference = 41B9EE2A284222D900EE26B8 /* Multiplication Table.app */;
			productType = "com.apple.product-type.application";
		};
		41B9EE2F284222D900EE26B8 /* Multiplication Table (macOS) */ = {
			isa = PBXNativeTarget;
			buildConfigurationList = 41B9EE56284222D900EE26B8 /* Build configuration list for PBXNativeTarget "Multiplication Table (macOS)" */;
			buildPhases = (
				41B9EE2C284222D900EE26B8 /* Sources */,
				41B9EE2D284222D900EE26B8 /* Frameworks */,
				41B9EE2E284222D900EE26B8 /* Resources */,
			);
			buildRules = (
			);
			dependencies = (
			);
			name = "Multiplication Table (macOS)";
			productName = "Multiplication Table (macOS)";
			productReference = 41B9EE30284222D900EE26B8 /* Multiplication Table.app */;
			productType = "com.apple.product-type.application";
		};
		41B9EE36284222D900EE26B8 /* Tests iOS */ = {
			isa = PBXNativeTarget;
			buildConfigurationList = 41B9EE59284222D900EE26B8 /* Build configuration list for PBXNativeTarget "Tests iOS" */;
			buildPhases = (
				41B9EE33284222D900EE26B8 /* Sources */,
				41B9EE34284222D900EE26B8 /* Frameworks */,
				41B9EE35284222D900EE26B8 /* Resources */,
			);
			buildRules = (
			);
			dependencies = (
				41B9EE39284222D900EE26B8 /* PBXTargetDependency */,
			);
			name = "Tests iOS";
			productName = "Tests iOS";
			productReference = 41B9EE37284222D900EE26B8 /* Tests iOS.xctest */;
			productType = "com.apple.product-type.bundle.ui-testing";
		};
		41B9EE42284222D900EE26B8 /* Tests macOS */ = {
			isa = PBXNativeTarget;
			buildConfigurationList = 41B9EE5C284222D900EE26B8 /* Build configuration list for PBXNativeTarget "Tests macOS" */;
			buildPhases = (
				41B9EE3F284222D900EE26B8 /* Sources */,
				41B9EE40284222D900EE26B8 /* Frameworks */,
				41B9EE41284222D900EE26B8 /* Resources */,
			);
			buildRules = (
			);
			dependencies = (
				41B9EE45284222D900EE26B8 /* PBXTargetDependency */,
			);
			name = "Tests macOS";
			productName = "Tests macOS";
			productReference = 41B9EE43284222D900EE26B8 /* Tests macOS.xctest */;
			productType = "com.apple.product-type.bundle.ui-testing";
		};
/* End PBXNativeTarget section */

/* Begin PBXProject section */
		41B9EE1E284222D600EE26B8 /* Project object */ = {
			isa = PBXProject;
			attributes = {
				BuildIndependentTargetsInParallel = 1;
				LastSwiftUpdateCheck = 1330;
				LastUpgradeCheck = 1330;
				TargetAttributes = {
					41B9EE29284222D900EE26B8 = {
						CreatedOnToolsVersion = 13.3.1;
					};
					41B9EE2F284222D900EE26B8 = {
						CreatedOnToolsVersion = 13.3.1;
					};
					41B9EE36284222D900EE26B8 = {
						CreatedOnToolsVersion = 13.3.1;
						TestTargetID = 41B9EE29284222D900EE26B8;
					};
					41B9EE42284222D900EE26B8 = {
						CreatedOnToolsVersion = 13.3.1;
						TestTargetID = 41B9EE2F284222D900EE26B8;
					};
				};
			};
			buildConfigurationList = 41B9EE21284222D600EE26B8 /* Build configuration list for PBXProject "Multiplication Table" */;
			compatibilityVersion = "Xcode 13.0";
			developmentRegion = en;
			hasScannedForEncodings = 0;
			knownRegions = (
				en,
				Base,
			);
			mainGroup = 41B9EE1D284222D600EE26B8;
			productRefGroup = 41B9EE2B284222D900EE26B8 /* Products */;
			projectDirPath = "";
			projectRoot = "";
			targets = (
				41B9EE29284222D900EE26B8 /* Multiplication Table (iOS) */,
				41B9EE2F284222D900EE26B8 /* Multiplication Table (macOS) */,
				41B9EE36284222D900EE26B8 /* Tests iOS */,
				41B9EE42284222D900EE26B8 /* Tests macOS */,
			);
		};
/* End PBXProject section */

/* Begin PBXResourcesBuildPhase section */
		41B9EE28284222D900EE26B8 /* Resources */ = {
			isa = PBXResourcesBuildPhase;
			buildActionMask = 2147483647;
			files = (
				41B9EE4F284222D900EE26B8 /* Assets.xcassets in Resources */,
			);
			runOnlyForDeploymentPostprocessing = 0;
		};
		41B9EE2E284222D900EE26B8 /* Resources */ = {
			isa = PBXResourcesBuildPhase;
			buildActionMask = 2147483647;
			files = (
				41B9EE50284222D900EE26B8 /* Assets.xcassets in Resources */,
			);
			runOnlyForDeploymentPostprocessing = 0;
		};
		41B9EE35284222D900EE26B8 /* Resources */ = {
			isa = PBXResourcesBuildPhase;
			buildActionMask = 2147483647;
			files = (
			);
			runOnlyForDeploymentPostprocessing = 0;
		};
		41B9EE41284222D900EE26B8 /* Resources */ = {
			isa = PBXResourcesBuildPhase;
			buildActionMask = 2147483647;
			files = (
			);
			runOnlyForDeploymentPostprocessing = 0;
		};
/* End PBXResourcesBuildPhase section */

/* Begin PBXSourcesBuildPhase section */
		41B9EE26284222D900EE26B8 /* Sources */ = {
			isa = PBXSourcesBuildPhase;
			buildActionMask = 2147483647;
			files = (
				41B9EE4D284222D900EE26B8 /* ContentView.swift in Sources */,
				41B9EE4B284222D900EE26B8 /* Multiplication_TableApp.swift in Sources */,
			);
			runOnlyForDeploymentPostprocessing = 0;
		};
		41B9EE2C284222D900EE26B8 /* Sources */ = {
			isa = PBXSourcesBuildPhase;
			buildActionMask = 2147483647;
			files = (
				41B9EE4E284222D900EE26B8 /* ContentView.swift in Sources */,
				41B9EE4C284222D900EE26B8 /* Multiplication_TableApp.swift in Sources */,
			);
			runOnlyForDeploymentPostprocessing = 0;
		};
		41B9EE33284222D900EE26B8 /* Sources */ = {
			isa = PBXSourcesBuildPhase;
			buildActionMask = 2147483647;
			files = (
				41B9EE3E284222D900EE26B8 /* Tests_iOSLaunchTests.swift in Sources */,
				41B9EE3C284222D900EE26B8 /* Tests_iOS.swift in Sources */,
			);
			runOnlyForDeploymentPostprocessing = 0;
		};
		41B9EE3F284222D900EE26B8 /* Sources */ = {
			isa = PBXSourcesBuildPhase;
			buildActionMask = 2147483647;
			files = (
				41B9EE4A284222D900EE26B8 /* Tests_macOSLaunchTests.swift in Sources */,
				41B9EE48284222D900EE26B8 /* Tests_macOS.swift in Sources */,
			);
			runOnlyForDeploymentPostprocessing = 0;
		};
/* End PBXSourcesBuildPhase section */

/* Begin PBXTargetDependency section */
		41B9EE39284222D900EE26B8 /* PBXTargetDependency */ = {
			isa = PBXTargetDependency;
			target = 41B9EE29284222D900EE26B8 /* Multiplication Table (iOS) */;
			targetProxy = 41B9EE38284222D900EE26B8 /* PBXContainerItemProxy */;
		};
		41B9EE45284222D900EE26B8 /* PBXTargetDependency */ = {
			isa = PBXTargetDependency;
			target = 41B9EE2F284222D900EE26B8 /* Multiplication Table (macOS) */;
			targetProxy = 41B9EE44284222D900EE26B8 /* PBXContainerItemProxy */;
		};
/* End PBXTargetDependency section */

/* Begin XCBuildConfiguration section */
		41B9EE51284222D900EE26B8 /* Debug */ = {
			isa = XCBuildConfiguration;
			buildSettings = {
				ALWAYS_SEARCH_USER_PATHS = NO;
				CLANG_ANALYZER_NONNULL = YES;
				CLANG_ANALYZER_NUMBER_OBJECT_CONVERSION = YES_AGGRESSIVE;
				CLANG_CXX_LANGUAGE_STANDARD = "gnu++17";
				CLANG_ENABLE_MODULES = YES;
				CLANG_ENABLE_OBJC_ARC = YES;
				CLANG_ENABLE_OBJC_WEAK = YES;
				CLANG_WARN_BLOCK_CAPTURE_AUTORELEASING = YES;
				CLANG_WARN_BOOL_CONVERSION = YES;
				CLANG_WARN_COMMA = YES;
				CLANG_WARN_CONSTANT_CONVERSION = YES;
				CLANG_WARN_DEPRECATED_OBJC_IMPLEMENTATIONS = YES;
				CLANG_WARN_DIRECT_OBJC_ISA_USAGE = YES_ERROR;
				CLANG_WARN_DOCUMENTATION_COMMENTS = YES;
				CLANG_WARN_EMPTY_BODY = YES;
				CLANG_WARN_ENUM_CONVERSION = YES;
				CLANG_WARN_INFINITE_RECURSION = YES;
				CLANG_WARN_INT_CONVERSION = YES;
				CLANG_WARN_NON_LITERAL_NULL_CONVERSION = YES;
				CLANG_WARN_OBJC_IMPLICIT_RETAIN_SELF = YES;
				CLANG_WARN_OBJC_LITERAL_CONVERSION = YES;
				CLANG_WARN_OBJC_ROOT_CLASS = YES_ERROR;
				CLANG_WARN_QUOTED_INCLUDE_IN_FRAMEWORK_HEADER = YES;
				CLANG_WARN_RANGE_LOOP_ANALYSIS = YES;
				CLANG_WARN_STRICT_PROTOTYPES = YES;
				CLANG_WARN_SUSPICIOUS_MOVE = YES;
				CLANG_WARN_UNGUARDED_AVAILABILITY = YES_AGGRESSIVE;
				CLANG_WARN_UNREACHABLE_CODE = YES;
				CLANG_WARN__DUPLICATE_METHOD_MATCH = YES;
				COPY_PHASE_STRIP = NO;
				DEBUG_INFORMATION_FORMAT = dwarf;
				ENABLE_STRICT_OBJC_MSGSEND = YES;
				ENABLE_TESTABILITY = YES;
				GCC_C_LANGUAGE_STANDARD = gnu11;
				GCC_DYNAMIC_NO_PIC = NO;
				GCC_NO_COMMON_BLOCKS = YES;
				GCC_OPTIMIZATION_LEVEL = 0;
				GCC_PREPROCESSOR_DEFINITIONS = (
					"DEBUG=1",
					"$(inherited)",
				);
				GCC_WARN_64_TO_32_BIT_CONVERSION = YES;
				GCC_WARN_ABOUT_RETURN_TYPE = YES_ERROR;
				GCC_WARN_UNDECLARED_SELECTOR = YES;
				GCC_WARN_UNINITIALIZED_AUTOS = YES_AGGRESSIVE;
				GCC_WARN_UNUSED_FUNCTION = YES;
				GCC_WARN_UNUSED_VARIABLE = YES;
				MTL_ENABLE_DEBUG_INFO = INCLUDE_SOURCE;
				MTL_FAST_MATH = YES;
				ONLY_ACTIVE_ARCH = YES;
				SWIFT_ACTIVE_COMPILATION_CONDITIONS = DEBUG;
				SWIFT_OPTIMIZATION_LEVEL = "-Onone";
			};
			name = Debug;
		};
		41B9EE52284222D900EE26B8 /* Release */ = {
			isa = XCBuildConfiguration;
			buildSettings = {
				ALWAYS_SEARCH_USER_PATHS = NO;
				CLANG_ANALYZER_NONNULL = YES;
				CLANG_ANALYZER_NUMBER_OBJECT_CONVERSION = YES_AGGRESSIVE;
				CLANG_CXX_LANGUAGE_STANDARD = "gnu++17";
				CLANG_ENABLE_MODULES = YES;
				CLANG_ENABLE_OBJC_ARC = YES;
				CLANG_ENABLE_OBJC_WEAK = YES;
				CLANG_WARN_BLOCK_CAPTURE_AUTORELEASING = YES;
				CLANG_WARN_BOOL_CONVERSION = YES;
				CLANG_WARN_COMMA = YES;
				CLANG_WARN_CONSTANT_CONVERSION = YES;
				CLANG_WARN_DEPRECATED_OBJC_IMPLEMENTATIONS = YES;
				CLANG_WARN_DIRECT_OBJC_ISA_USAGE = YES_ERROR;
				CLANG_WARN_DOCUMENTATION_COMMENTS = YES;
				CLANG_WARN_EMPTY_BODY = YES;
				CLANG_WARN_ENUM_CONVERSION = YES;
				CLANG_WARN_INFINITE_RECURSION = YES;
				CLANG_WARN_INT_CONVERSION = YES;
				CLANG_WARN_NON_LITERAL_NULL_CONVERSION = YES;
				CLANG_WARN_OBJC_IMPLICIT_RETAIN_SELF = YES;
				CLANG_WARN_OBJC_LITERAL_CONVERSION = YES;
				CLANG_WARN_OBJC_ROOT_CLASS = YES_ERROR;
				CLANG_WARN_QUOTED_INCLUDE_IN_FRAMEWORK_HEADER = YES;
				CLANG_WARN_RANGE_LOOP_ANALYSIS = YES;
				CLANG_WARN_STRICT_PROTOTYPES = YES;
				CLANG_WARN_SUSPICIOUS_MOVE = YES;
				CLANG_WARN_UNGUARDED_AVAILABILITY = YES_AGGRESSIVE;
				CLANG_WARN_UNREACHABLE_CODE = YES;
				CLANG_WARN__DUPLICATE_METHOD_MATCH = YES;
				COPY_PHASE_STRIP = NO;
				DEBUG_INFORMATION_FORMAT = "dwarf-with-dsym";
				ENABLE_NS_ASSERTIONS = NO;
				ENABLE_STRICT_OBJC_MSGSEND = YES;
				GCC_C_LANGUAGE_STANDARD = gnu11;
				GCC_NO_COMMON_BLOCKS = YES;
				GCC_WARN_64_TO_32_BIT_CONVERSION = YES;
				GCC_WARN_ABOUT_RETURN_TYPE = YES_ERROR;
				GCC_WARN_UNDECLARED_SELECTOR = YES;
				GCC_WARN_UNINITIALIZED_AUTOS = YES_AGGRESSIVE;
				GCC_WARN_UNUSED_FUNCTION = YES;
				GCC_WARN_UNUSED_VARIABLE = YES;
				MTL_ENABLE_DEBUG_INFO = NO;
				MTL_FAST_MATH = YES;
				SWIFT_COMPILATION_MODE = wholemodule;
				SWIFT_OPTIMIZATION_LEVEL = "-O";
			};
			name = Release;
		};
		41B9EE54284222D900EE26B8 /* Debug */ = {
			isa = XCBuildConfiguration;
			buildSettings = {
				ASSETCATALOG_COMPILER_APPICON_NAME = AppIcon;
				ASSETCATALOG_COMPILER_GLOBAL_ACCENT_COLOR_NAME = AccentColor;
				CODE_SIGN_STYLE = Automatic;
				CURRENT_PROJECT_VERSION = 1;
				DEVELOPMENT_TEAM = K3WVRH5UCM;
				ENABLE_PREVIEWS = YES;
				GENERATE_INFOPLIST_FILE = YES;
				INFOPLIST_KEY_UIApplicationSceneManifest_Generation = YES;
				INFOPLIST_KEY_UIApplicationSupportsIndirectInputEvents = YES;
				INFOPLIST_KEY_UILaunchScreen_Generation = YES;
				INFOPLIST_KEY_UISupportedInterfaceOrientations_iPad = "UIInterfaceOrientationPortrait UIInterfaceOrientationPortraitUpsideDown UIInterfaceOrientationLandscapeLeft UIInterfaceOrientationLandscapeRight";
				INFOPLIST_KEY_UISupportedInterfaceOrientations_iPhone = "UIInterfaceOrientationPortrait UIInterfaceOrientationLandscapeLeft UIInterfaceOrientationLandscapeRight";
				IPHONEOS_DEPLOYMENT_TARGET = 15.4;
				LD_RUNPATH_SEARCH_PATHS = (
					"$(inherited)",
					"@executable_path/Frameworks",
				);
				MARKETING_VERSION = 1.0;
				PRODUCT_BUNDLE_IDENTIFIER = "Tatiana.Multiplication-Table";
				PRODUCT_NAME = "Multiplication Table";
				SDKROOT = iphoneos;
				SWIFT_EMIT_LOC_STRINGS = YES;
				SWIFT_VERSION = 5.0;
				TARGETED_DEVICE_FAMILY = "1,2";
			};
			name = Debug;
		};
		41B9EE55284222D900EE26B8 /* Release */ = {
			isa = XCBuildConfiguration;
			buildSettings = {
				ASSETCATALOG_COMPILER_APPICON_NAME = AppIcon;
				ASSETCATALOG_COMPILER_GLOBAL_ACCENT_COLOR_NAME = AccentColor;
				CODE_SIGN_STYLE = Automatic;
				CURRENT_PROJECT_VERSION = 1;
				DEVELOPMENT_TEAM = K3WVRH5UCM;
				ENABLE_PREVIEWS = YES;
				GENERATE_INFOPLIST_FILE = YES;
				INFOPLIST_KEY_UIApplicationSceneManifest_Generation = YES;
				INFOPLIST_KEY_UIApplicationSupportsIndirectInputEvents = YES;
				INFOPLIST_KEY_UILaunchScreen_Generation = YES;
				INFOPLIST_KEY_UISupportedInterfaceOrientations_iPad = "UIInterfaceOrientationPortrait UIInterfaceOrientationPortraitUpsideDown UIInterfaceOrientationLandscapeLeft UIInterfaceOrientationLandscapeRight";
				INFOPLIST_KEY_UISupportedInterfaceOrientations_iPhone = "UIInterfaceOrientationPortrait UIInterfaceOrientationLandscapeLeft UIInterfaceOrientationLandscapeRight";
				IPHONEOS_DEPLOYMENT_TARGET = 15.4;
				LD_RUNPATH_SEARCH_PATHS = (
					"$(inherited)",
					"@executable_path/Frameworks",
				);
				MARKETING_VERSION = 1.0;
				PRODUCT_BUNDLE_IDENTIFIER = "Tatiana.Multiplication-Table";
				PRODUCT_NAME = "Multiplication Table";
				SDKROOT = iphoneos;
				SWIFT_EMIT_LOC_STRINGS = YES;
				SWIFT_VERSION = 5.0;
				TARGETED_DEVICE_FAMILY = "1,2";
				VALIDATE_PRODUCT = YES;
			};
			name = Release;
		};
		41B9EE57284222D900EE26B8 /* Debug */ = {
			isa = XCBuildConfiguration;
			buildSettings = {
				ASSETCATALOG_COMPILER_APPICON_NAME = AppIcon;
				ASSETCATALOG_COMPILER_GLOBAL_ACCENT_COLOR_NAME = AccentColor;
				CODE_SIGN_ENTITLEMENTS = macOS/macOS.entitlements;
				CODE_SIGN_STYLE = Automatic;
				COMBINE_HIDPI_IMAGES = YES;
				CURRENT_PROJECT_VERSION = 1;
				DEVELOPMENT_TEAM = K3WVRH5UCM;
				ENABLE_HARDENED_RUNTIME = YES;
				ENABLE_PREVIEWS = YES;
				GENERATE_INFOPLIST_FILE = YES;
				INFOPLIST_KEY_NSHumanReadableCopyright = "";
				LD_RUNPATH_SEARCH_PATHS = (
					"$(inherited)",
					"@executable_path/../Frameworks",
				);
				MACOSX_DEPLOYMENT_TARGET = 12.0;
				MARKETING_VERSION = 1.0;
				PRODUCT_BUNDLE_IDENTIFIER = "Tatiana.Multiplication-Table";
				PRODUCT_NAME = "Multiplication Table";
				SDKROOT = macosx;
				SWIFT_EMIT_LOC_STRINGS = YES;
				SWIFT_VERSION = 5.0;
			};
			name = Debug;
		};
		41B9EE58284222D900EE26B8 /* Release */ = {
			isa = XCBuildConfiguration;
			buildSettings = {
				ASSETCATALOG_COMPILER_APPICON_NAME = AppIcon;
				ASSETCATALOG_COMPILER_GLOBAL_ACCENT_COLOR_NAME = AccentColor;
				CODE_SIGN_ENTITLEMENTS = macOS/macOS.entitlements;
				CODE_SIGN_STYLE = Automatic;
				COMBINE_HIDPI_IMAGES = YES;
				CURRENT_PROJECT_VERSION = 1;
				DEVELOPMENT_TEAM = K3WVRH5UCM;
				ENABLE_HARDENED_RUNTIME = YES;
				ENABLE_PREVIEWS = YES;
				GENERATE_INFOPLIST_FILE = YES;
				INFOPLIST_KEY_NSHumanReadableCopyright = "";
				LD_RUNPATH_SEARCH_PATHS = (
					"$(inherited)",
					"@executable_path/../Frameworks",
				);
				MACOSX_DEPLOYMENT_TARGET = 12.0;
				MARKETING_VERSION = 1.0;
				PRODUCT_BUNDLE_IDENTIFIER = "Tatiana.Multiplication-Table";
				PRODUCT_NAME = "Multiplication Table";
				SDKROOT = macosx;
				SWIFT_EMIT_LOC_STRINGS = YES;
				SWIFT_VERSION = 5.0;
			};
			name = Release;
		};
		41B9EE5A284222D900EE26B8 /* Debug */ = {
			isa = XCBuildConfiguration;
			buildSettings = {
				ALWAYS_EMBED_SWIFT_STANDARD_LIBRARIES = YES;
				CODE_SIGN_STYLE = Automatic;
				CURRENT_PROJECT_VERSION = 1;
				DEVELOPMENT_TEAM = K3WVRH5UCM;
				GENERATE_INFOPLIST_FILE = YES;
				IPHONEOS_DEPLOYMENT_TARGET = 15.4;
				MARKETING_VERSION = 1.0;
				PRODUCT_BUNDLE_IDENTIFIER = "Tatiana.Tests-iOS";
				PRODUCT_NAME = "$(TARGET_NAME)";
				SDKROOT = iphoneos;
				SWIFT_EMIT_LOC_STRINGS = NO;
				SWIFT_VERSION = 5.0;
				TARGETED_DEVICE_FAMILY = "1,2";
				TEST_TARGET_NAME = "Multiplication Table (iOS)";
			};
			name = Debug;
		};
		41B9EE5B284222D900EE26B8 /* Release */ = {
			isa = XCBuildConfiguration;
			buildSettings = {
				ALWAYS_EMBED_SWIFT_STANDARD_LIBRARIES = YES;
				CODE_SIGN_STYLE = Automatic;
				CURRENT_PROJECT_VERSION = 1;
				DEVELOPMENT_TEAM = K3WVRH5UCM;
				GENERATE_INFOPLIST_FILE = YES;
				IPHONEOS_DEPLOYMENT_TARGET = 15.4;
				MARKETING_VERSION = 1.0;
				PRODUCT_BUNDLE_IDENTIFIER = "Tatiana.Tests-iOS";
				PRODUCT_NAME = "$(TARGET_NAME)";
				SDKROOT = iphoneos;
				SWIFT_EMIT_LOC_STRINGS = NO;
				SWIFT_VERSION = 5.0;
				TARGETED_DEVICE_FAMILY = "1,2";
				TEST_TARGET_NAME = "Multiplication Table (iOS)";
				VALIDATE_PRODUCT = YES;
			};
			name = Release;
		};
		41B9EE5D284222D900EE26B8 /* Debug */ = {
			isa = XCBuildConfiguration;
			buildSettings = {
				ALWAYS_EMBED_SWIFT_STANDARD_LIBRARIES = YES;
				CODE_SIGN_STYLE = Automatic;
				CURRENT_PROJECT_VERSION = 1;
				DEVELOPMENT_TEAM = K3WVRH5UCM;
				GENERATE_INFOPLIST_FILE = YES;
				MACOSX_DEPLOYMENT_TARGET = 12.0;
				MARKETING_VERSION = 1.0;
				PRODUCT_BUNDLE_IDENTIFIER = "Tatiana.Tests-macOS";
				PRODUCT_NAME = "$(TARGET_NAME)";
				SDKROOT = macosx;
				SWIFT_EMIT_LOC_STRINGS = NO;
				SWIFT_VERSION = 5.0;
				TEST_TARGET_NAME = "Multiplication Table (macOS)";
			};
			name = Debug;
		};
		41B9EE5E284222D900EE26B8 /* Release */ = {
			isa = XCBuildConfiguration;
			buildSettings = {
				ALWAYS_EMBED_SWIFT_STANDARD_LIBRARIES = YES;
				CODE_SIGN_STYLE = Automatic;
				CURRENT_PROJECT_VERSION = 1;
				DEVELOPMENT_TEAM = K3WVRH5UCM;
				GENERATE_INFOPLIST_FILE = YES;
				MACOSX_DEPLOYMENT_TARGET = 12.0;
				MARKETING_VERSION = 1.0;
				PRODUCT_BUNDLE_IDENTIFIER = "Tatiana.Tests-macOS";
				PRODUCT_NAME = "$(TARGET_NAME)";
				SDKROOT = macosx;
				SWIFT_EMIT_LOC_STRINGS = NO;
				SWIFT_VERSION = 5.0;
				TEST_TARGET_NAME = "Multiplication Table (macOS)";
			};
			name = Release;
		};
/* End XCBuildConfiguration section */

/* Begin XCConfigurationList section */
		41B9EE21284222D600EE26B8 /* Build configuration list for PBXProject "Multiplication Table" */ = {
			isa = XCConfigurationList;
			buildConfigurations = (
				41B9EE51284222D900EE26B8 /* Debug */,
				41B9EE52284222D900EE26B8 /* Release */,
			);
			defaultConfigurationIsVisible = 0;
			defaultConfigurationName = Release;
		};
		41B9EE53284222D900EE26B8 /* Build configuration list for PBXNativeTarget "Multiplication Table (iOS)" */ = {
			isa = XCConfigurationList;
			buildConfigurations = (
				41B9EE54284222D900EE26B8 /* Debug */,
				41B9EE55284222D900EE26B8 /* Release */,
			);
			defaultConfigurationIsVisible = 0;
			defaultConfigurationName = Release;
		};
		41B9EE56284222D900EE26B8 /* Build configuration list for PBXNativeTarget "Multiplication Table (macOS)" */ = {
			isa = XCConfigurationList;
			buildConfigurations = (
				41B9EE57284222D900EE26B8 /* Debug */,
				41B9EE58284222D900EE26B8 /* Release */,
			);
			defaultConfigurationIsVisible = 0;
			defaultConfigurationName = Release;
		};
		41B9EE59284222D900EE26B8 /* Build configuration list for PBXNativeTarget "Tests iOS" */ = {
			isa = XCConfigurationList;
			buildConfigurations = (
				41B9EE5A284222D900EE26B8 /* Debug */,
				41B9EE5B284222D900EE26B8 /* Release */,
			);
			defaultConfigurationIsVisible = 0;
			defaultConfigurationName = Release;
		};
		41B9EE5C284222D900EE26B8 /* Build configuration list for PBXNativeTarget "Tests macOS" */ = {
			isa = XCConfigurationList;
			buildConfigurations = (
				41B9EE5D284222D900EE26B8 /* Debug */,
				41B9EE5E284222D900EE26B8 /* Release */,
			);
			defaultConfigurationIsVisible = 0;
			defaultConfigurationName = Release;
		};
/* End XCConfigurationList section */
	};
	rootObject = 41B9EE1E284222D600EE26B8 /* Project object */;
}
